
Microsoft Visual Studio Solution File, Format Version 12.00
# Visual Studio 15
VisualStudioVersion = 15.0.28307.329
MinimumVisualStudioVersion = 10.0.40219.1
Project("{FAE04EC0-301F-11D3-BF4B-00C04F79EFBC}") = "burgers2", "burgers2\burgers2.csproj", "{252D6F7A-D00D-40A1-A0F2-F371541AFA4B}"
EndProject
Global
	GlobalSection(SolutionConfigurationPlatforms) = preSolution
		Debug|Any CPU = Debug|Any CPU
		Release|Any CPU = Release|Any CPU
	EndGlobalSection
	GlobalSection(ProjectConfigurationPlatforms) = postSolution
		{252D6F7A-D00D-40A1-A0F2-F371541AFA4B}.Debug|Any CPU.ActiveCfg = Debug|Any CPU
		{252D6F7A-D00D-40A1-A0F2-F371541AFA4B}.Debug|Any CPU.Build.0 = Debug|Any CPU
		{252D6F7A-D00D-40A1-A0F2-F371541AFA4B}.Release|Any CPU.ActiveCfg = Release|Any CPU
		{252D6F7A-D00D-40A1-A0F2-F371541AFA4B}.Release|Any CPU.Build.0 = Release|Any CPU
	EndGlobalSection
	GlobalSection(SolutionProperties) = preSolution
		HideSolutionNode = FALSE
	EndGlobalSection
	GlobalSection(ExtensibilityGlobals) = postSolution
		SolutionGuid = {82CA8200-3B7C-417C-B98F-80BE5E03EC00}
	EndGlobalSection
EndGlobal
